// !$*UTF8*$!
{
	archiveVersion = 1;
	classes = {
	};
	objectVersion = 46;
	objects = {

/* Begin PBXBuildFile section */
		418920D019703C87005E43E3 /* qthemCD.xcdatamodel in Sources */ = {isa = PBXBuildFile; fileRef = 418920CC19703C87005E43E3 /* qthemCD.xcdatamodel */; };
		418920F419703F56005E43E3 /* QTorigin.m in Sources */ = {isa = PBXBuildFile; fileRef = 418920F319703F56005E43E3 /* QTorigin.m */; };
		418920F719703F56005E43E3 /* QTquotation.m in Sources */ = {isa = PBXBuildFile; fileRef = 418920F619703F56005E43E3 /* QTquotation.m */; };
		418920FA19704036005E43E3 /* QTquoteList.m in Sources */ = {isa = PBXBuildFile; fileRef = 418920F919704036005E43E3 /* QTquoteList.m */; };
		418FA4AB1964BBDB008FEF88 /* QTaddQuoteVC.m in Sources */ = {isa = PBXBuildFile; fileRef = 418FA4AA1964BBDB008FEF88 /* QTaddQuoteVC.m */; };
		41C048021964A97B00C63F08 /* Foundation.framework in Frameworks */ = {isa = PBXBuildFile; fileRef = 41C048011964A97B00C63F08 /* Foundation.framework */; };
		41C048041964A97B00C63F08 /* CoreGraphics.framework in Frameworks */ = {isa = PBXBuildFile; fileRef = 41C048031964A97B00C63F08 /* CoreGraphics.framework */; };
		41C048061964A97B00C63F08 /* UIKit.framework in Frameworks */ = {isa = PBXBuildFile; fileRef = 41C048051964A97B00C63F08 /* UIKit.framework */; };
		41C048081964A97B00C63F08 /* CoreData.framework in Frameworks */ = {isa = PBXBuildFile; fileRef = 41C048071964A97B00C63F08 /* CoreData.framework */; };
		41C0480E1964A97B00C63F08 /* InfoPlist.strings in Resources */ = {isa = PBXBuildFile; fileRef = 41C0480C1964A97B00C63F08 /* InfoPlist.strings */; };
		41C048101964A97B00C63F08 /* main.m in Sources */ = {isa = PBXBuildFile; fileRef = 41C0480F1964A97B00C63F08 /* main.m */; };
		41C048141964A97B00C63F08 /* QTAppDelegate.m in Sources */ = {isa = PBXBuildFile; fileRef = 41C048131964A97B00C63F08 /* QTAppDelegate.m */; };
		41C048171964A97B00C63F08 /* Main.storyboard in Resources */ = {isa = PBXBuildFile; fileRef = 41C048151964A97B00C63F08 /* Main.storyboard */; };
		41C048201964A97B00C63F08 /* QTDetailViewController.m in Sources */ = {isa = PBXBuildFile; fileRef = 41C0481F1964A97B00C63F08 /* QTDetailViewController.m */; };
		41C048221964A97B00C63F08 /* Images.xcassets in Resources */ = {isa = PBXBuildFile; fileRef = 41C048211964A97B00C63F08 /* Images.xcassets */; };
		41C048291964A97B00C63F08 /* XCTest.framework in Frameworks */ = {isa = PBXBuildFile; fileRef = 41C048281964A97B00C63F08 /* XCTest.framework */; };
		41C0482A1964A97B00C63F08 /* Foundation.framework in Frameworks */ = {isa = PBXBuildFile; fileRef = 41C048011964A97B00C63F08 /* Foundation.framework */; };
		41C0482B1964A97B00C63F08 /* UIKit.framework in Frameworks */ = {isa = PBXBuildFile; fileRef = 41C048051964A97B00C63F08 /* UIKit.framework */; };
		41C0482C1964A97B00C63F08 /* CoreData.framework in Frameworks */ = {isa = PBXBuildFile; fileRef = 41C048071964A97B00C63F08 /* CoreData.framework */; };
		41C048341964A97B00C63F08 /* InfoPlist.strings in Resources */ = {isa = PBXBuildFile; fileRef = 41C048321964A97B00C63F08 /* InfoPlist.strings */; };
		41C048361964A97B00C63F08 /* QThemTests.m in Sources */ = {isa = PBXBuildFile; fileRef = 41C048351964A97B00C63F08 /* QThemTests.m */; };
		41C048401964A9C700C63F08 /* Parse.framework in Frameworks */ = {isa = PBXBuildFile; fileRef = 41C0483F1964A9C700C63F08 /* Parse.framework */; };
		41C048491964AAAF00C63F08 /* AudioToolbox.framework in Frameworks */ = {isa = PBXBuildFile; fileRef = 41C048411964AAAE00C63F08 /* AudioToolbox.framework */; };
		41C0484A1964AAAF00C63F08 /* CFNetwork.framework in Frameworks */ = {isa = PBXBuildFile; fileRef = 41C048421964AAAE00C63F08 /* CFNetwork.framework */; };
		41C0484B1964AAAF00C63F08 /* libz.dylib in Frameworks */ = {isa = PBXBuildFile; fileRef = 41C048431964AAAE00C63F08 /* libz.dylib */; };
		41C0484C1964AAAF00C63F08 /* MobileCoreServices.framework in Frameworks */ = {isa = PBXBuildFile; fileRef = 41C048441964AAAE00C63F08 /* MobileCoreServices.framework */; };
		41C0484D1964AAAF00C63F08 /* QuartzCore.framework in Frameworks */ = {isa = PBXBuildFile; fileRef = 41C048451964AAAE00C63F08 /* QuartzCore.framework */; };
		41C0484E1964AAAF00C63F08 /* Security.framework in Frameworks */ = {isa = PBXBuildFile; fileRef = 41C048461964AAAE00C63F08 /* Security.framework */; };
		41C0484F1964AAAF00C63F08 /* StoreKit.framework in Frameworks */ = {isa = PBXBuildFile; fileRef = 41C048471964AAAE00C63F08 /* StoreKit.framework */; };
		41C048501964AAAF00C63F08 /* SystemConfiguration.framework in Frameworks */ = {isa = PBXBuildFile; fileRef = 41C048481964AAAF00C63F08 /* SystemConfiguration.framework */; };
		41C048531964ADB100C63F08 /* QTmasterVC.m in Sources */ = {isa = PBXBuildFile; fileRef = 41C048521964ADB100C63F08 /* QTmasterVC.m */; };
/* End PBXBuildFile section */

/* Begin PBXContainerItemProxy section */
		41C0482D1964A97B00C63F08 /* PBXContainerItemProxy */ = {
			isa = PBXContainerItemProxy;
			containerPortal = 41C047F61964A97B00C63F08 /* Project object */;
			proxyType = 1;
			remoteGlobalIDString = 41C047FD1964A97B00C63F08;
			remoteInfo = QThem;
		};
/* End PBXContainerItemProxy section */

/* Begin PBXFileReference section */
		418920CC19703C87005E43E3 /* qthemCD.xcdatamodel */ = {isa = PBXFileReference; lastKnownFileType = wrapper.xcdatamodel; path = qthemCD.xcdatamodel; sourceTree = "<group>"; };
		418920F219703F56005E43E3 /* QTorigin.h */ = {isa = PBXFileReference; fileEncoding = 4; lastKnownFileType = sourcecode.c.h; path = QTorigin.h; sourceTree = "<group>"; };
		418920F319703F56005E43E3 /* QTorigin.m */ = {isa = PBXFileReference; fileEncoding = 4; lastKnownFileType = sourcecode.c.objc; path = QTorigin.m; sourceTree = "<group>"; };
		418920F519703F56005E43E3 /* QTquotation.h */ = {isa = PBXFileReference; fileEncoding = 4; lastKnownFileType = sourcecode.c.h; path = QTquotation.h; sourceTree = "<group>"; };
		418920F619703F56005E43E3 /* QTquotation.m */ = {isa = PBXFileReference; fileEncoding = 4; lastKnownFileType = sourcecode.c.objc; path = QTquotation.m; sourceTree = "<group>"; };
		418920F819704036005E43E3 /* QTquoteList.h */ = {isa = PBXFileReference; fileEncoding = 4; lastKnownFileType = sourcecode.c.h; path = QTquoteList.h; sourceTree = "<group>"; };
		418920F919704036005E43E3 /* QTquoteList.m */ = {isa = PBXFileReference; fileEncoding = 4; lastKnownFileType = sourcecode.c.objc; path = QTquoteList.m; sourceTree = "<group>"; };
		418FA4A91964BBDB008FEF88 /* QTaddQuoteVC.h */ = {isa = PBXFileReference; fileEncoding = 4; lastKnownFileType = sourcecode.c.h; path = QTaddQuoteVC.h; sourceTree = "<group>"; };
		418FA4AA1964BBDB008FEF88 /* QTaddQuoteVC.m */ = {isa = PBXFileReference; fileEncoding = 4; lastKnownFileType = sourcecode.c.objc; path = QTaddQuoteVC.m; sourceTree = "<group>"; };
		41C047FE1964A97B00C63F08 /* QThem.app */ = {isa = PBXFileReference; explicitFileType = wrapper.application; includeInIndex = 0; path = QThem.app; sourceTree = BUILT_PRODUCTS_DIR; };
		41C048011964A97B00C63F08 /* Foundation.framework */ = {isa = PBXFileReference; lastKnownFileType = wrapper.framework; name = Foundation.framework; path = System/Library/Frameworks/Foundation.framework; sourceTree = SDKROOT; };
		41C048031964A97B00C63F08 /* CoreGraphics.framework */ = {isa = PBXFileReference; lastKnownFileType = wrapper.framework; name = CoreGraphics.framework; path = System/Library/Frameworks/CoreGraphics.framework; sourceTree = SDKROOT; };
		41C048051964A97B00C63F08 /* UIKit.framework */ = {isa = PBXFileReference; lastKnownFileType = wrapper.framework; name = UIKit.framework; path = System/Library/Frameworks/UIKit.framework; sourceTree = SDKROOT; };
		41C048071964A97B00C63F08 /* CoreData.framework */ = {isa = PBXFileReference; lastKnownFileType = wrapper.framework; name = CoreData.framework; path = System/Library/Frameworks/CoreData.framework; sourceTree = SDKROOT; };
		41C0480B1964A97B00C63F08 /* QThem-Info.plist */ = {isa = PBXFileReference; lastKnownFileType = text.plist.xml; path = "QThem-Info.plist"; sourceTree = "<group>"; };
		41C0480D1964A97B00C63F08 /* en */ = {isa = PBXFileReference; lastKnownFileType = text.plist.strings; name = en; path = en.lproj/InfoPlist.strings; sourceTree = "<group>"; };
		41C0480F1964A97B00C63F08 /* main.m */ = {isa = PBXFileReference; lastKnownFileType = sourcecode.c.objc; path = main.m; sourceTree = "<group>"; };
		41C048111964A97B00C63F08 /* QThem-Prefix.pch */ = {isa = PBXFileReference; lastKnownFileType = sourcecode.c.h; path = "QThem-Prefix.pch"; sourceTree = "<group>"; };
		41C048121964A97B00C63F08 /* QTAppDelegate.h */ = {isa = PBXFileReference; lastKnownFileType = sourcecode.c.h; path = QTAppDelegate.h; sourceTree = "<group>"; };
		41C048131964A97B00C63F08 /* QTAppDelegate.m */ = {isa = PBXFileReference; lastKnownFileType = sourcecode.c.objc; path = QTAppDelegate.m; sourceTree = "<group>"; };
		41C048161964A97B00C63F08 /* Base */ = {isa = PBXFileReference; lastKnownFileType = file.storyboard; name = Base; path = Base.lproj/Main.storyboard; sourceTree = "<group>"; };
		41C0481E1964A97B00C63F08 /* QTDetailViewController.h */ = {isa = PBXFileReference; lastKnownFileType = sourcecode.c.h; path = QTDetailViewController.h; sourceTree = "<group>"; };
		41C0481F1964A97B00C63F08 /* QTDetailViewController.m */ = {isa = PBXFileReference; lastKnownFileType = sourcecode.c.objc; path = QTDetailViewController.m; sourceTree = "<group>"; };
		41C048211964A97B00C63F08 /* Images.xcassets */ = {isa = PBXFileReference; lastKnownFileType = folder.assetcatalog; path = Images.xcassets; sourceTree = "<group>"; };
		41C048271964A97B00C63F08 /* QThemTests.xctest */ = {isa = PBXFileReference; explicitFileType = wrapper.cfbundle; includeInIndex = 0; path = QThemTests.xctest; sourceTree = BUILT_PRODUCTS_DIR; };
		41C048281964A97B00C63F08 /* XCTest.framework */ = {isa = PBXFileReference; lastKnownFileType = wrapper.framework; name = XCTest.framework; path = Library/Frameworks/XCTest.framework; sourceTree = DEVELOPER_DIR; };
		41C048311964A97B00C63F08 /* QThemTests-Info.plist */ = {isa = PBXFileReference; lastKnownFileType = text.plist.xml; path = "QThemTests-Info.plist"; sourceTree = "<group>"; };
		41C048331964A97B00C63F08 /* en */ = {isa = PBXFileReference; lastKnownFileType = text.plist.strings; name = en; path = en.lproj/InfoPlist.strings; sourceTree = "<group>"; };
		41C048351964A97B00C63F08 /* QThemTests.m */ = {isa = PBXFileReference; lastKnownFileType = sourcecode.c.objc; path = QThemTests.m; sourceTree = "<group>"; };
		41C0483F1964A9C700C63F08 /* Parse.framework */ = {isa = PBXFileReference; lastKnownFileType = wrapper.framework; path = Parse.framework; sourceTree = "<group>"; };
		41C048411964AAAE00C63F08 /* AudioToolbox.framework */ = {isa = PBXFileReference; lastKnownFileType = wrapper.framework; name = AudioToolbox.framework; path = System/Library/Frameworks/AudioToolbox.framework; sourceTree = SDKROOT; };
		41C048421964AAAE00C63F08 /* CFNetwork.framework */ = {isa = PBXFileReference; lastKnownFileType = wrapper.framework; name = CFNetwork.framework; path = System/Library/Frameworks/CFNetwork.framework; sourceTree = SDKROOT; };
		41C048431964AAAE00C63F08 /* libz.dylib */ = {isa = PBXFileReference; lastKnownFileType = "compiled.mach-o.dylib"; name = libz.dylib; path = usr/lib/libz.dylib; sourceTree = SDKROOT; };
		41C048441964AAAE00C63F08 /* MobileCoreServices.framework */ = {isa = PBXFileReference; lastKnownFileType = wrapper.framework; name = MobileCoreServices.framework; path = System/Library/Frameworks/MobileCoreServices.framework; sourceTree = SDKROOT; };
		41C048451964AAAE00C63F08 /* QuartzCore.framework */ = {isa = PBXFileReference; lastKnownFileType = wrapper.framework; name = QuartzCore.framework; path = System/Library/Frameworks/QuartzCore.framework; sourceTree = SDKROOT; };
		41C048461964AAAE00C63F08 /* Security.framework */ = {isa = PBXFileReference; lastKnownFileType = wrapper.framework; name = Security.framework; path = System/Library/Frameworks/Security.framework; sourceTree = SDKROOT; };
		41C048471964AAAE00C63F08 /* StoreKit.framework */ = {isa = PBXFileReference; lastKnownFileType = wrapper.framework; name = StoreKit.framework; path = System/Library/Frameworks/StoreKit.framework; sourceTree = SDKROOT; };
		41C048481964AAAF00C63F08 /* SystemConfiguration.framework */ = {isa = PBXFileReference; lastKnownFileType = wrapper.framework; name = SystemConfiguration.framework; path = System/Library/Frameworks/SystemConfiguration.framework; sourceTree = SDKROOT; };
		41C048511964ADB100C63F08 /* QTmasterVC.h */ = {isa = PBXFileReference; fileEncoding = 4; lastKnownFileType = sourcecode.c.h; path = QTmasterVC.h; sourceTree = "<group>"; };
		41C048521964ADB100C63F08 /* QTmasterVC.m */ = {isa = PBXFileReference; fileEncoding = 4; lastKnownFileType = sourcecode.c.objc; path = QTmasterVC.m; sourceTree = "<group>"; };
/* End PBXFileReference section */

/* Begin PBXFrameworksBuildPhase section */
		41C047FB1964A97B00C63F08 /* Frameworks */ = {
			isa = PBXFrameworksBuildPhase;
			buildActionMask = 2147483647;
			files = (
				41C048491964AAAF00C63F08 /* AudioToolbox.framework in Frameworks */,
				41C0484A1964AAAF00C63F08 /* CFNetwork.framework in Frameworks */,
				41C0484B1964AAAF00C63F08 /* libz.dylib in Frameworks */,
				41C0484C1964AAAF00C63F08 /* MobileCoreServices.framework in Frameworks */,
				41C0484D1964AAAF00C63F08 /* QuartzCore.framework in Frameworks */,
				41C0484E1964AAAF00C63F08 /* Security.framework in Frameworks */,
				41C0484F1964AAAF00C63F08 /* StoreKit.framework in Frameworks */,
				41C048501964AAAF00C63F08 /* SystemConfiguration.framework in Frameworks */,
				41C048041964A97B00C63F08 /* CoreGraphics.framework in Frameworks */,
				41C048081964A97B00C63F08 /* CoreData.framework in Frameworks */,
				41C048061964A97B00C63F08 /* UIKit.framework in Frameworks */,
				41C048021964A97B00C63F08 /* Foundation.framework in Frameworks */,
				41C048401964A9C700C63F08 /* Parse.framework in Frameworks */,
			);
			runOnlyForDeploymentPostprocessing = 0;
		};
		41C048241964A97B00C63F08 /* Frameworks */ = {
			isa = PBXFrameworksBuildPhase;
			buildActionMask = 2147483647;
			files = (
				41C048291964A97B00C63F08 /* XCTest.framework in Frameworks */,
				41C0482C1964A97B00C63F08 /* CoreData.framework in Frameworks */,
				41C0482B1964A97B00C63F08 /* UIKit.framework in Frameworks */,
				41C0482A1964A97B00C63F08 /* Foundation.framework in Frameworks */,
			);
			runOnlyForDeploymentPostprocessing = 0;
		};
/* End PBXFrameworksBuildPhase section */

/* Begin PBXGroup section */
		418920C519703C3D005E43E3 /* model */ = {
			isa = PBXGroup;
			children = (
				418920F519703F56005E43E3 /* QTquotation.h */,
				418920F619703F56005E43E3 /* QTquotation.m */,
				418920F219703F56005E43E3 /* QTorigin.h */,
				418920F319703F56005E43E3 /* QTorigin.m */,
				418920CC19703C87005E43E3 /* qthemCD.xcdatamodel */,
				418920F819704036005E43E3 /* QTquoteList.h */,
				418920F919704036005E43E3 /* QTquoteList.m */,
			);
			name = model;
			sourceTree = "<group>";
		};
		41C047F51964A97B00C63F08 = {
			isa = PBXGroup;
			children = (
				41C048091964A97B00C63F08 /* QThem */,
				41C0482F1964A97B00C63F08 /* QThemTests */,
				41C048001964A97B00C63F08 /* Frameworks */,
				41C047FF1964A97B00C63F08 /* Products */,
			);
			sourceTree = "<group>";
		};
		41C047FF1964A97B00C63F08 /* Products */ = {
			isa = PBXGroup;
			children = (
				41C047FE1964A97B00C63F08 /* QThem.app */,
				41C048271964A97B00C63F08 /* QThemTests.xctest */,
			);
			name = Products;
			sourceTree = "<group>";
		};
		41C048001964A97B00C63F08 /* Frameworks */ = {
			isa = PBXGroup;
			children = (
				41C048411964AAAE00C63F08 /* AudioToolbox.framework */,
				41C048421964AAAE00C63F08 /* CFNetwork.framework */,
				41C048431964AAAE00C63F08 /* libz.dylib */,
				41C048441964AAAE00C63F08 /* MobileCoreServices.framework */,
				41C048451964AAAE00C63F08 /* QuartzCore.framework */,
				41C048461964AAAE00C63F08 /* Security.framework */,
				41C048471964AAAE00C63F08 /* StoreKit.framework */,
				41C048481964AAAF00C63F08 /* SystemConfiguration.framework */,
				41C0483F1964A9C700C63F08 /* Parse.framework */,
				41C048011964A97B00C63F08 /* Foundation.framework */,
				41C048031964A97B00C63F08 /* CoreGraphics.framework */,
				41C048051964A97B00C63F08 /* UIKit.framework */,
				41C048071964A97B00C63F08 /* CoreData.framework */,
				41C048281964A97B00C63F08 /* XCTest.framework */,
			);
			name = Frameworks;
			sourceTree = "<group>";
		};
		41C048091964A97B00C63F08 /* QThem */ = {
			isa = PBXGroup;
			children = (
				418920C519703C3D005E43E3 /* model */,
				41C048121964A97B00C63F08 /* QTAppDelegate.h */,
				41C048131964A97B00C63F08 /* QTAppDelegate.m */,
				41C048151964A97B00C63F08 /* Main.storyboard */,
				41C0481E1964A97B00C63F08 /* QTDetailViewController.h */,
				41C0481F1964A97B00C63F08 /* QTDetailViewController.m */,
				41C048211964A97B00C63F08 /* Images.xcassets */,
				41C0480A1964A97B00C63F08 /* Supporting Files */,
				41C048511964ADB100C63F08 /* QTmasterVC.h */,
				41C048521964ADB100C63F08 /* QTmasterVC.m */,
				418FA4A91964BBDB008FEF88 /* QTaddQuoteVC.h */,
				418FA4AA1964BBDB008FEF88 /* QTaddQuoteVC.m */,
			);
			path = QThem;
			sourceTree = "<group>";
		};
		41C0480A1964A97B00C63F08 /* Supporting Files */ = {
			isa = PBXGroup;
			children = (
				41C0480B1964A97B00C63F08 /* QThem-Info.plist */,
				41C0480C1964A97B00C63F08 /* InfoPlist.strings */,
				41C0480F1964A97B00C63F08 /* main.m */,
				41C048111964A97B00C63F08 /* QThem-Prefix.pch */,
			);
			name = "Supporting Files";
			sourceTree = "<group>";
		};
		41C0482F1964A97B00C63F08 /* QThemTests */ = {
			isa = PBXGroup;
			children = (
				41C048351964A97B00C63F08 /* QThemTests.m */,
				41C048301964A97B00C63F08 /* Supporting Files */,
			);
			path = QThemTests;
			sourceTree = "<group>";
		};
		41C048301964A97B00C63F08 /* Supporting Files */ = {
			isa = PBXGroup;
			children = (
				41C048311964A97B00C63F08 /* QThemTests-Info.plist */,
				41C048321964A97B00C63F08 /* InfoPlist.strings */,
			);
			name = "Supporting Files";
			sourceTree = "<group>";
		};
/* End PBXGroup section */

/* Begin PBXNativeTarget section */
		41C047FD1964A97B00C63F08 /* QThem */ = {
			isa = PBXNativeTarget;
			buildConfigurationList = 41C048391964A97B00C63F08 /* Build configuration list for PBXNativeTarget "QThem" */;
			buildPhases = (
				41C047FA1964A97B00C63F08 /* Sources */,
				41C047FB1964A97B00C63F08 /* Frameworks */,
				41C047FC1964A97B00C63F08 /* Resources */,
			);
			buildRules = (
			);
			dependencies = (
			);
			name = QThem;
			productName = QThem;
			productReference = 41C047FE1964A97B00C63F08 /* QThem.app */;
			productType = "com.apple.product-type.application";
		};
		41C048261964A97B00C63F08 /* QThemTests */ = {
			isa = PBXNativeTarget;
			buildConfigurationList = 41C0483C1964A97B00C63F08 /* Build configuration list for PBXNativeTarget "QThemTests" */;
			buildPhases = (
				41C048231964A97B00C63F08 /* Sources */,
				41C048241964A97B00C63F08 /* Frameworks */,
				41C048251964A97B00C63F08 /* Resources */,
			);
			buildRules = (
			);
			dependencies = (
				41C0482E1964A97B00C63F08 /* PBXTargetDependency */,
			);
			name = QThemTests;
			productName = QThemTests;
			productReference = 41C048271964A97B00C63F08 /* QThemTests.xctest */;
			productType = "com.apple.product-type.bundle.unit-test";
		};
/* End PBXNativeTarget section */

/* Begin PBXProject section */
		41C047F61964A97B00C63F08 /* Project object */ = {
			isa = PBXProject;
			attributes = {
				CLASSPREFIX = QT;
				LastUpgradeCheck = 0510;
				ORGANIZATIONNAME = nextic.me;
				TargetAttributes = {
					41C048261964A97B00C63F08 = {
						TestTargetID = 41C047FD1964A97B00C63F08;
					};
				};
			};
			buildConfigurationList = 41C047F91964A97B00C63F08 /* Build configuration list for PBXProject "QThem" */;
			compatibilityVersion = "Xcode 3.2";
			developmentRegion = English;
			hasScannedForEncodings = 0;
			knownRegions = (
				en,
				Base,
			);
			mainGroup = 41C047F51964A97B00C63F08;
			productRefGroup = 41C047FF1964A97B00C63F08 /* Products */;
			projectDirPath = "";
			projectRoot = "";
			targets = (
				41C047FD1964A97B00C63F08 /* QThem */,
				41C048261964A97B00C63F08 /* QThemTests */,
			);
		};
/* End PBXProject section */

/* Begin PBXResourcesBuildPhase section */
		41C047FC1964A97B00C63F08 /* Resources */ = {
			isa = PBXResourcesBuildPhase;
			buildActionMask = 2147483647;
			files = (
				41C048221964A97B00C63F08 /* Images.xcassets in Resources */,
				41C0480E1964A97B00C63F08 /* InfoPlist.strings in Resources */,
				41C048171964A97B00C63F08 /* Main.storyboard in Resources */,
			);
			runOnlyForDeploymentPostprocessing = 0;
		};
		41C048251964A97B00C63F08 /* Resources */ = {
			isa = PBXResourcesBuildPhase;
			buildActionMask = 2147483647;
			files = (
				41C048341964A97B00C63F08 /* InfoPlist.strings in Resources */,
			);
			runOnlyForDeploymentPostprocessing = 0;
		};
/* End PBXResourcesBuildPhase section */

/* Begin PBXSourcesBuildPhase section */
		41C047FA1964A97B00C63F08 /* Sources */ = {
			isa = PBXSourcesBuildPhase;
			buildActionMask = 2147483647;
			files = (
				418FA4AB1964BBDB008FEF88 /* QTaddQuoteVC.m in Sources */,
				418920F719703F56005E43E3 /* QTquotation.m in Sources */,
				418920FA19704036005E43E3 /* QTquoteList.m in Sources */,
				418920D019703C87005E43E3 /* qthemCD.xcdatamodel in Sources */,
				418920F419703F56005E43E3 /* QTorigin.m in Sources */,
				41C048101964A97B00C63F08 /* main.m in Sources */,
				41C048141964A97B00C63F08 /* QTAppDelegate.m in Sources */,
				41C048201964A97B00C63F08 /* QTDetailViewController.m in Sources */,
				41C048531964ADB100C63F08 /* QTmasterVC.m in Sources */,
			);
			runOnlyForDeploymentPostprocessing = 0;
		};
		41C048231964A97B00C63F08 /* Sources */ = {
			isa = PBXSourcesBuildPhase;
			buildActionMask = 2147483647;
			files = (
				41C048361964A97B00C63F08 /* QThemTests.m in Sources */,
			);
			runOnlyForDeploymentPostprocessing = 0;
		};
/* End PBXSourcesBuildPhase section */

/* Begin PBXTargetDependency section */
		41C0482E1964A97B00C63F08 /* PBXTargetDependency */ = {
			isa = PBXTargetDependency;
			target = 41C047FD1964A97B00C63F08 /* QThem */;
			targetProxy = 41C0482D1964A97B00C63F08 /* PBXContainerItemProxy */;
		};
/* End PBXTargetDependency section */

/* Begin PBXVariantGroup section */
		41C0480C1964A97B00C63F08 /* InfoPlist.strings */ = {
			isa = PBXVariantGroup;
			children = (
				41C0480D1964A97B00C63F08 /* en */,
			);
			name = InfoPlist.strings;
			sourceTree = "<group>";
		};
		41C048151964A97B00C63F08 /* Main.storyboard */ = {
			isa = PBXVariantGroup;
			children = (
				41C048161964A97B00C63F08 /* Base */,
			);
			name = Main.storyboard;
			sourceTree = "<group>";
		};
		41C048321964A97B00C63F08 /* InfoPlist.strings */ = {
			isa = PBXVariantGroup;
			children = (
				41C048331964A97B00C63F08 /* en */,
			);
			name = InfoPlist.strings;
			sourceTree = "<group>";
		};
/* End PBXVariantGroup section */

/* Begin XCBuildConfiguration section */
		41C048371964A97B00C63F08 /* Debug */ = {
			isa = XCBuildConfiguration;
			buildSettings = {
				ALWAYS_SEARCH_USER_PATHS = NO;
				CLANG_CXX_LANGUAGE_STANDARD = "gnu++0x";
				CLANG_CXX_LIBRARY = "libc++";
				CLANG_ENABLE_MODULES = YES;
				CLANG_ENABLE_OBJC_ARC = YES;
				CLANG_WARN_BOOL_CONVERSION = YES;
				CLANG_WARN_CONSTANT_CONVERSION = YES;
				CLANG_WARN_DIRECT_OBJC_ISA_USAGE = YES_ERROR;
				CLANG_WARN_EMPTY_BODY = YES;
				CLANG_WARN_ENUM_CONVERSION = YES;
				CLANG_WARN_INT_CONVERSION = YES;
				CLANG_WARN_OBJC_ROOT_CLASS = YES_ERROR;
				CLANG_WARN__DUPLICATE_METHOD_MATCH = YES;
				"CODE_SIGN_IDENTITY[sdk=iphoneos*]" = "iPhone Developer";
				COPY_PHASE_STRIP = NO;
				GCC_C_LANGUAGE_STANDARD = gnu99;
				GCC_DYNAMIC_NO_PIC = NO;
				GCC_OPTIMIZATION_LEVEL = 0;
				GCC_PREPROCESSOR_DEFINITIONS = (
					"DEBUG=1",
					"$(inherited)",
				);
				GCC_SYMBOLS_PRIVATE_EXTERN = NO;
				GCC_WARN_64_TO_32_BIT_CONVERSION = YES;
				GCC_WARN_ABOUT_RETURN_TYPE = YES_ERROR;
				GCC_WARN_UNDECLARED_SELECTOR = YES;
				GCC_WARN_UNINITIALIZED_AUTOS = YES_AGGRESSIVE;
				GCC_WARN_UNUSED_FUNCTION = YES;
				GCC_WARN_UNUSED_VARIABLE = YES;
				IPHONEOS_DEPLOYMENT_TARGET = 7.1;
				ONLY_ACTIVE_ARCH = YES;
				SDKROOT = iphoneos;
			};
			name = Debug;
		};
		41C048381964A97B00C63F08 /* Release */ = {
			isa = XCBuildConfiguration;
			buildSettings = {
				ALWAYS_SEARCH_USER_PATHS = NO;
				CLANG_CXX_LANGUAGE_STANDARD = "gnu++0x";
				CLANG_CXX_LIBRARY = "libc++";
				CLANG_ENABLE_MODULES = YES;
				CLANG_ENABLE_OBJC_ARC = YES;
				CLANG_WARN_BOOL_CONVERSION = YES;
				CLANG_WARN_CONSTANT_CONVERSION = YES;
				CLANG_WARN_DIRECT_OBJC_ISA_USAGE = YES_ERROR;
				CLANG_WARN_EMPTY_BODY = YES;
				CLANG_WARN_ENUM_CONVERSION = YES;
				CLANG_WARN_INT_CONVERSION = YES;
				CLANG_WARN_OBJC_ROOT_CLASS = YES_ERROR;
				CLANG_WARN__DUPLICATE_METHOD_MATCH = YES;
				"CODE_SIGN_IDENTITY[sdk=iphoneos*]" = "iPhone Developer";
				COPY_PHASE_STRIP = YES;
				ENABLE_NS_ASSERTIONS = NO;
				GCC_C_LANGUAGE_STANDARD = gnu99;
				GCC_WARN_64_TO_32_BIT_CONVERSION = YES;
				GCC_WARN_ABOUT_RETURN_TYPE = YES_ERROR;
				GCC_WARN_UNDECLARED_SELECTOR = YES;
				GCC_WARN_UNINITIALIZED_AUTOS = YES_AGGRESSIVE;
				GCC_WARN_UNUSED_FUNCTION = YES;
				GCC_WARN_UNUSED_VARIABLE = YES;
				IPHONEOS_DEPLOYMENT_TARGET = 7.1;
				SDKROOT = iphoneos;
				VALIDATE_PRODUCT = YES;
			};
			name = Release;
		};
		41C0483A1964A97B00C63F08 /* Debug */ = {
			isa = XCBuildConfiguration;
			buildSettings = {
				ASSETCATALOG_COMPILER_APPICON_NAME = AppIcon;
				ASSETCATALOG_COMPILER_LAUNCHIMAGE_NAME = LaunchImage;
				FRAMEWORK_SEARCH_PATHS = (
					"$(inherited)",
					"$(PROJECT_DIR)",
				);
				GCC_PRECOMPILE_PREFIX_HEADER = YES;
				GCC_PREFIX_HEADER = "QThem/QThem-Prefix.pch";
				INFOPLIST_FILE = "QThem/QThem-Info.plist";
				PRODUCT_NAME = "$(TARGET_NAME)";
				WRAPPER_EXTENSION = app;
			};
			name = Debug;
		};
		41C0483B1964A97B00C63F08 /* Release */ = {
			isa = XCBuildConfiguration;
			buildSettings = {
				ASSETCATALOG_COMPILER_APPICON_NAME = AppIcon;
				ASSETCATALOG_COMPILER_LAUNCHIMAGE_NAME = LaunchImage;
				FRAMEWORK_SEARCH_PATHS = (
					"$(inherited)",
					"$(PROJECT_DIR)",
				);
				GCC_PRECOMPILE_PREFIX_HEADER = YES;
				GCC_PREFIX_HEADER = "QThem/QThem-Prefix.pch";
				INFOPLIST_FILE = "QThem/QThem-Info.plist";
				PRODUCT_NAME = "$(TARGET_NAME)";
				WRAPPER_EXTENSION = app;
			};
			name = Release;
		};
		41C0483D1964A97B00C63F08 /* Debug */ = {
			isa = XCBuildConfiguration;
			buildSettings = {
				BUNDLE_LOADER = "$(BUILT_PRODUCTS_DIR)/QThem.app/QThem";
				FRAMEWORK_SEARCH_PATHS = (
					"$(SDKROOT)/Developer/Library/Frameworks",
					"$(inherited)",
					"$(DEVELOPER_FRAMEWORKS_DIR)",
				);
				GCC_PRECOMPILE_PREFIX_HEADER = YES;
				GCC_PREFIX_HEADER = "QThem/QThem-Prefix.pch";
				GCC_PREPROCESSOR_DEFINITIONS = (
					"DEBUG=1",
					"$(inherited)",
				);
				INFOPLIST_FILE = "QThemTests/QThemTests-Info.plist";
				PRODUCT_NAME = "$(TARGET_NAME)";
				TEST_HOST = "$(BUNDLE_LOADER)";
				WRAPPER_EXTENSION = xctest;
			};
			name = Debug;
		};
		41C0483E1964A97B00C63F08 /* Release */ = {
			isa = XCBuildConfiguration;
			buildSettings = {
				BUNDLE_LOADER = "$(BUILT_PRODUCTS_DIR)/QThem.app/QThem";
				FRAMEWORK_SEARCH_PATHS = (
					"$(SDKROOT)/Developer/Library/Frameworks",
					"$(inherited)",
					"$(DEVELOPER_FRAMEWORKS_DIR)",
				);
				GCC_PRECOMPILE_PREFIX_HEADER = YES;
				GCC_PREFIX_HEADER = "QThem/QThem-Prefix.pch";
				INFOPLIST_FILE = "QThemTests/QThemTests-Info.plist";
				PRODUCT_NAME = "$(TARGET_NAME)";
				TEST_HOST = "$(BUNDLE_LOADER)";
				WRAPPER_EXTENSION = xctest;
			};
			name = Release;
		};
/* End XCBuildConfiguration section */

/* Begin XCConfigurationList section */
		41C047F91964A97B00C63F08 /* Build configuration list for PBXProject "QThem" */ = {
			isa = XCConfigurationList;
			buildConfigurations = (
				41C048371964A97B00C63F08 /* Debug */,
				41C048381964A97B00C63F08 /* Release */,
			);
			defaultConfigurationIsVisible = 0;
			defaultConfigurationName = Release;
		};
		41C048391964A97B00C63F08 /* Build configuration list for PBXNativeTarget "QThem" */ = {
			isa = XCConfigurationList;
			buildConfigurations = (
				41C0483A1964A97B00C63F08 /* Debug */,
				41C0483B1964A97B00C63F08 /* Release */,
			);
			defaultConfigurationIsVisible = 0;
			defaultConfigurationName = Release;
		};
		41C0483C1964A97B00C63F08 /* Build configuration list for PBXNativeTarget "QThemTests" */ = {
			isa = XCConfigurationList;
			buildConfigurations = (
				41C0483D1964A97B00C63F08 /* Debug */,
				41C0483E1964A97B00C63F08 /* Release */,
			);
			defaultConfigurationIsVisible = 0;
			defaultConfigurationName = Release;
		};
/* End XCConfigurationList section */
	};
	rootObject = 41C047F61964A97B00C63F08 /* Project object */;
}
